
Microsoft Visual Studio Solution File, Format Version 12.00
Project("{FAE04EC0-301F-11D3-BF4B-00C04F79EFBC}") = "Persistos", "Persistos\Persistos.csproj", "{CE353A51-F50F-4965-ADAE-DDA524C65ABC}"
EndProject
Global
	GlobalSection(SolutionConfigurationPlatforms) = preSolution
		Debug|Any CPU = Debug|Any CPU
		Release|Any CPU = Release|Any CPU
	EndGlobalSection
	GlobalSection(ProjectConfigurationPlatforms) = postSolution
		{CE353A51-F50F-4965-ADAE-DDA524C65ABC}.Debug|Any CPU.ActiveCfg = Debug|Any CPU
		{CE353A51-F50F-4965-ADAE-DDA524C65ABC}.Debug|Any CPU.Build.0 = Debug|Any CPU
		{CE353A51-F50F-4965-ADAE-DDA524C65ABC}.Release|Any CPU.ActiveCfg = Release|Any CPU
		{CE353A51-F50F-4965-ADAE-DDA524C65ABC}.Release|Any CPU.Build.0 = Release|Any CPU
	EndGlobalSection
EndGlobal
